{
  "name": "hpm-placeholder",
  "lockfileVersion": 1,
  "dependencies": {
    "hyperterm-material-spacegray": {
      "version": "0.1.1",
      "resolved": "https://registry.npmjs.org/hyperterm-material-spacegray/-/hyperterm-material-spacegray-0.1.1.tgz",
      "integrity": "sha1-eu9P90x7qXqZynfxduGC7P9R9LI="
    }
  }
}
